// !$*UTF8*$!
{
	archiveVersion = 1;
	classes = {
	};
	objectVersion = 50;
	objects = {

/* Begin PBXBuildFile section */
		EDAE2CDC2110D49E0076FB6B /* RestController.swift in Sources */ = {isa = PBXBuildFile; fileRef = EDAE2CD82110D49E0076FB6B /* RestController.swift */; };
		EDAE2CDD2110D49E0076FB6B /* Result.swift in Sources */ = {isa = PBXBuildFile; fileRef = EDAE2CD92110D49E0076FB6B /* Result.swift */; };
		EDAE2CDE2110D49E0076FB6B /* JSON.swift in Sources */ = {isa = PBXBuildFile; fileRef = EDAE2CDA2110D49E0076FB6B /* JSON.swift */; };
		EDAE2CDF2110D49E0076FB6B /* Deserializer.swift in Sources */ = {isa = PBXBuildFile; fileRef = EDAE2CDB2110D49E0076FB6B /* Deserializer.swift */; };
		EDFEF21A210659900043524B /* AppDelegate.swift in Sources */ = {isa = PBXBuildFile; fileRef = EDFEF219210659900043524B /* AppDelegate.swift */; };
		EDFEF21C210659900043524B /* ViewController.swift in Sources */ = {isa = PBXBuildFile; fileRef = EDFEF21B210659900043524B /* ViewController.swift */; };
		EDFEF21F210659900043524B /* Main.storyboard in Resources */ = {isa = PBXBuildFile; fileRef = EDFEF21D210659900043524B /* Main.storyboard */; };
		EDFEF222210659900043524B /* HMIclient.xcdatamodeld in Sources */ = {isa = PBXBuildFile; fileRef = EDFEF220210659900043524B /* HMIclient.xcdatamodeld */; };
		EDFEF224210659920043524B /* Assets.xcassets in Resources */ = {isa = PBXBuildFile; fileRef = EDFEF223210659920043524B /* Assets.xcassets */; };
		EDFEF227210659920043524B /* LaunchScreen.storyboard in Resources */ = {isa = PBXBuildFile; fileRef = EDFEF225210659920043524B /* LaunchScreen.storyboard */; };
		EDFEF232210659920043524B /* HMIclientTests.swift in Sources */ = {isa = PBXBuildFile; fileRef = EDFEF231210659920043524B /* HMIclientTests.swift */; };
		EDFEF23D210659920043524B /* HMIclientUITests.swift in Sources */ = {isa = PBXBuildFile; fileRef = EDFEF23C210659920043524B /* HMIclientUITests.swift */; };
/* End PBXBuildFile section */

/* Begin PBXContainerItemProxy section */
		EDFEF22E210659920043524B /* PBXContainerItemProxy */ = {
			isa = PBXContainerItemProxy;
			containerPortal = EDFEF20E210659900043524B /* Project object */;
			proxyType = 1;
			remoteGlobalIDString = EDFEF215210659900043524B;
			remoteInfo = HMIclient;
		};
		EDFEF239210659920043524B /* PBXContainerItemProxy */ = {
			isa = PBXContainerItemProxy;
			containerPortal = EDFEF20E210659900043524B /* Project object */;
			proxyType = 1;
			remoteGlobalIDString = EDFEF215210659900043524B;
			remoteInfo = HMIclient;
		};
/* End PBXContainerItemProxy section */

/* Begin PBXFileReference section */
		EDAE2CD72110D49E0076FB6B /* RestEssentials.h */ = {isa = PBXFileReference; fileEncoding = 4; lastKnownFileType = sourcecode.c.h; path = RestEssentials.h; sourceTree = "<group>"; };
		EDAE2CD82110D49E0076FB6B /* RestController.swift */ = {isa = PBXFileReference; fileEncoding = 4; lastKnownFileType = sourcecode.swift; path = RestController.swift; sourceTree = "<group>"; };
		EDAE2CD92110D49E0076FB6B /* Result.swift */ = {isa = PBXFileReference; fileEncoding = 4; lastKnownFileType = sourcecode.swift; path = Result.swift; sourceTree = "<group>"; };
		EDAE2CDA2110D49E0076FB6B /* JSON.swift */ = {isa = PBXFileReference; fileEncoding = 4; lastKnownFileType = sourcecode.swift; path = JSON.swift; sourceTree = "<group>"; };
		EDAE2CDB2110D49E0076FB6B /* Deserializer.swift */ = {isa = PBXFileReference; fileEncoding = 4; lastKnownFileType = sourcecode.swift; path = Deserializer.swift; sourceTree = "<group>"; };
		EDFEF216210659900043524B /* HMIclient.app */ = {isa = PBXFileReference; explicitFileType = wrapper.application; includeInIndex = 0; path = HMIclient.app; sourceTree = BUILT_PRODUCTS_DIR; };
		EDFEF219210659900043524B /* AppDelegate.swift */ = {isa = PBXFileReference; lastKnownFileType = sourcecode.swift; path = AppDelegate.swift; sourceTree = "<group>"; };
		EDFEF21B210659900043524B /* ViewController.swift */ = {isa = PBXFileReference; lastKnownFileType = sourcecode.swift; path = ViewController.swift; sourceTree = "<group>"; };
		EDFEF21E210659900043524B /* Base */ = {isa = PBXFileReference; lastKnownFileType = file.storyboard; name = Base; path = Base.lproj/Main.storyboard; sourceTree = "<group>"; };
		EDFEF221210659900043524B /* HMIclient.xcdatamodel */ = {isa = PBXFileReference; lastKnownFileType = wrapper.xcdatamodel; path = HMIclient.xcdatamodel; sourceTree = "<group>"; };
		EDFEF223210659920043524B /* Assets.xcassets */ = {isa = PBXFileReference; lastKnownFileType = folder.assetcatalog; path = Assets.xcassets; sourceTree = "<group>"; };
		EDFEF226210659920043524B /* Base */ = {isa = PBXFileReference; lastKnownFileType = file.storyboard; name = Base; path = Base.lproj/LaunchScreen.storyboard; sourceTree = "<group>"; };
		EDFEF228210659920043524B /* Info.plist */ = {isa = PBXFileReference; lastKnownFileType = text.plist.xml; path = Info.plist; sourceTree = "<group>"; };
		EDFEF22D210659920043524B /* HMIclientTests.xctest */ = {isa = PBXFileReference; explicitFileType = wrapper.cfbundle; includeInIndex = 0; path = HMIclientTests.xctest; sourceTree = BUILT_PRODUCTS_DIR; };
		EDFEF231210659920043524B /* HMIclientTests.swift */ = {isa = PBXFileReference; lastKnownFileType = sourcecode.swift; path = HMIclientTests.swift; sourceTree = "<group>"; };
		EDFEF233210659920043524B /* Info.plist */ = {isa = PBXFileReference; lastKnownFileType = text.plist.xml; path = Info.plist; sourceTree = "<group>"; };
		EDFEF238210659920043524B /* HMIclientUITests.xctest */ = {isa = PBXFileReference; explicitFileType = wrapper.cfbundle; includeInIndex = 0; path = HMIclientUITests.xctest; sourceTree = BUILT_PRODUCTS_DIR; };
		EDFEF23C210659920043524B /* HMIclientUITests.swift */ = {isa = PBXFileReference; lastKnownFileType = sourcecode.swift; path = HMIclientUITests.swift; sourceTree = "<group>"; };
		EDFEF23E210659920043524B /* Info.plist */ = {isa = PBXFileReference; lastKnownFileType = text.plist.xml; path = Info.plist; sourceTree = "<group>"; };
/* End PBXFileReference section */

/* Begin PBXFrameworksBuildPhase section */
		EDFEF213210659900043524B /* Frameworks */ = {
			isa = PBXFrameworksBuildPhase;
			buildActionMask = 2147483647;
			files = (
			);
			runOnlyForDeploymentPostprocessing = 0;
		};
		EDFEF22A210659920043524B /* Frameworks */ = {
			isa = PBXFrameworksBuildPhase;
			buildActionMask = 2147483647;
			files = (
			);
			runOnlyForDeploymentPostprocessing = 0;
		};
		EDFEF235210659920043524B /* Frameworks */ = {
			isa = PBXFrameworksBuildPhase;
			buildActionMask = 2147483647;
			files = (
			);
			runOnlyForDeploymentPostprocessing = 0;
		};
/* End PBXFrameworksBuildPhase section */

/* Begin PBXGroup section */
		EDAE2CD62110D3D40076FB6B /* RestEssentials */ = {
			isa = PBXGroup;
			children = (
				EDAE2CDB2110D49E0076FB6B /* Deserializer.swift */,
				EDAE2CDA2110D49E0076FB6B /* JSON.swift */,
				EDAE2CD82110D49E0076FB6B /* RestController.swift */,
				EDAE2CD72110D49E0076FB6B /* RestEssentials.h */,
				EDAE2CD92110D49E0076FB6B /* Result.swift */,
			);
			path = RestEssentials;
			sourceTree = "<group>";
		};
		EDFEF20D210659900043524B = {
			isa = PBXGroup;
			children = (
				EDAE2CD62110D3D40076FB6B /* RestEssentials */,
				EDFEF218210659900043524B /* HMIclient */,
				EDFEF230210659920043524B /* HMIclientTests */,
				EDFEF23B210659920043524B /* HMIclientUITests */,
				EDFEF217210659900043524B /* Products */,
			);
			sourceTree = "<group>";
		};
		EDFEF217210659900043524B /* Products */ = {
			isa = PBXGroup;
			children = (
				EDFEF216210659900043524B /* HMIclient.app */,
				EDFEF22D210659920043524B /* HMIclientTests.xctest */,
				EDFEF238210659920043524B /* HMIclientUITests.xctest */,
			);
			name = Products;
			sourceTree = "<group>";
		};
		EDFEF218210659900043524B /* HMIclient */ = {
			isa = PBXGroup;
			children = (
				EDFEF219210659900043524B /* AppDelegate.swift */,
				EDFEF21B210659900043524B /* ViewController.swift */,
				EDFEF21D210659900043524B /* Main.storyboard */,
				EDFEF223210659920043524B /* Assets.xcassets */,
				EDFEF225210659920043524B /* LaunchScreen.storyboard */,
				EDFEF228210659920043524B /* Info.plist */,
				EDFEF220210659900043524B /* HMIclient.xcdatamodeld */,
			);
			path = HMIclient;
			sourceTree = "<group>";
		};
		EDFEF230210659920043524B /* HMIclientTests */ = {
			isa = PBXGroup;
			children = (
				EDFEF231210659920043524B /* HMIclientTests.swift */,
				EDFEF233210659920043524B /* Info.plist */,
			);
			path = HMIclientTests;
			sourceTree = "<group>";
		};
		EDFEF23B210659920043524B /* HMIclientUITests */ = {
			isa = PBXGroup;
			children = (
				EDFEF23C210659920043524B /* HMIclientUITests.swift */,
				EDFEF23E210659920043524B /* Info.plist */,
			);
			path = HMIclientUITests;
			sourceTree = "<group>";
		};
/* End PBXGroup section */

/* Begin PBXNativeTarget section */
		EDFEF215210659900043524B /* HMIclient */ = {
			isa = PBXNativeTarget;
			buildConfigurationList = EDFEF241210659920043524B /* Build configuration list for PBXNativeTarget "HMIclient" */;
			buildPhases = (
				EDFEF212210659900043524B /* Sources */,
				EDFEF213210659900043524B /* Frameworks */,
				EDFEF214210659900043524B /* Resources */,
			);
			buildRules = (
			);
			dependencies = (
			);
			name = HMIclient;
			productName = HMIclient;
			productReference = EDFEF216210659900043524B /* HMIclient.app */;
			productType = "com.apple.product-type.application";
		};
		EDFEF22C210659920043524B /* HMIclientTests */ = {
			isa = PBXNativeTarget;
			buildConfigurationList = EDFEF244210659920043524B /* Build configuration list for PBXNativeTarget "HMIclientTests" */;
			buildPhases = (
				827D928E5B9906BB7B096A13 /* [CP] Check Pods Manifest.lock */,
				EDFEF229210659920043524B /* Sources */,
				EDFEF22A210659920043524B /* Frameworks */,
				EDFEF22B210659920043524B /* Resources */,
			);
			buildRules = (
			);
			dependencies = (
				EDFEF22F210659920043524B /* PBXTargetDependency */,
			);
			name = HMIclientTests;
			productName = HMIclientTests;
			productReference = EDFEF22D210659920043524B /* HMIclientTests.xctest */;
			productType = "com.apple.product-type.bundle.unit-test";
		};
		EDFEF237210659920043524B /* HMIclientUITests */ = {
			isa = PBXNativeTarget;
			buildConfigurationList = EDFEF247210659920043524B /* Build configuration list for PBXNativeTarget "HMIclientUITests" */;
			buildPhases = (
				97F610FC50BC09BCCE69E5D4 /* [CP] Check Pods Manifest.lock */,
				EDFEF234210659920043524B /* Sources */,
				EDFEF235210659920043524B /* Frameworks */,
				EDFEF236210659920043524B /* Resources */,
			);
			buildRules = (
			);
			dependencies = (
				EDFEF23A210659920043524B /* PBXTargetDependency */,
			);
			name = HMIclientUITests;
			productName = HMIclientUITests;
			productReference = EDFEF238210659920043524B /* HMIclientUITests.xctest */;
			productType = "com.apple.product-type.bundle.ui-testing";
		};
/* End PBXNativeTarget section */

/* Begin PBXProject section */
		EDFEF20E210659900043524B /* Project object */ = {
			isa = PBXProject;
			attributes = {
				LastSwiftUpdateCheck = 1000;
				LastUpgradeCheck = 1000;
				ORGANIZATIONNAME = dev;
				TargetAttributes = {
					EDFEF215210659900043524B = {
						CreatedOnToolsVersion = 10.0;
					};
					EDFEF22C210659920043524B = {
						CreatedOnToolsVersion = 10.0;
						TestTargetID = EDFEF215210659900043524B;
					};
					EDFEF237210659920043524B = {
						CreatedOnToolsVersion = 10.0;
						TestTargetID = EDFEF215210659900043524B;
					};
				};
			};
			buildConfigurationList = EDFEF211210659900043524B /* Build configuration list for PBXProject "HMIclient" */;
			compatibilityVersion = "Xcode 9.3";
			developmentRegion = en;
			hasScannedForEncodings = 0;
			knownRegions = (
				en,
				Base,
			);
			mainGroup = EDFEF20D210659900043524B;
			productRefGroup = EDFEF217210659900043524B /* Products */;
			projectDirPath = "";
			projectRoot = "";
			targets = (
				EDFEF215210659900043524B /* HMIclient */,
				EDFEF22C210659920043524B /* HMIclientTests */,
				EDFEF237210659920043524B /* HMIclientUITests */,
			);
		};
/* End PBXProject section */

/* Begin PBXResourcesBuildPhase section */
		EDFEF214210659900043524B /* Resources */ = {
			isa = PBXResourcesBuildPhase;
			buildActionMask = 2147483647;
			files = (
				EDFEF227210659920043524B /* LaunchScreen.storyboard in Resources */,
				EDFEF224210659920043524B /* Assets.xcassets in Resources */,
				EDFEF21F210659900043524B /* Main.storyboard in Resources */,
			);
			runOnlyForDeploymentPostprocessing = 0;
		};
		EDFEF22B210659920043524B /* Resources */ = {
			isa = PBXResourcesBuildPhase;
			buildActionMask = 2147483647;
			files = (
			);
			runOnlyForDeploymentPostprocessing = 0;
		};
		EDFEF236210659920043524B /* Resources */ = {
			isa = PBXResourcesBuildPhase;
			buildActionMask = 2147483647;
			files = (
			);
			runOnlyForDeploymentPostprocessing = 0;
		};
/* End PBXResourcesBuildPhase section */

/* Begin PBXShellScriptBuildPhase section */
		827D928E5B9906BB7B096A13 /* [CP] Check Pods Manifest.lock */ = {
			isa = PBXShellScriptBuildPhase;
			buildActionMask = 2147483647;
			files = (
			);
			inputPaths = (
				"${PODS_PODFILE_DIR_PATH}/Podfile.lock",
				"${PODS_ROOT}/Manifest.lock",
			);
			name = "[CP] Check Pods Manifest.lock";
			outputPaths = (
				"$(DERIVED_FILE_DIR)/Pods-HMIclientTests-checkManifestLockResult.txt",
			);
			runOnlyForDeploymentPostprocessing = 0;
			shellPath = /bin/sh;
			shellScript = "diff \"${PODS_PODFILE_DIR_PATH}/Podfile.lock\" \"${PODS_ROOT}/Manifest.lock\" > /dev/null\nif [ $? != 0 ] ; then\n    # print error to STDERR\n    echo \"error: The sandbox is not in sync with the Podfile.lock. Run 'pod install' or update your CocoaPods installation.\" >&2\n    exit 1\nfi\n# This output is used by Xcode 'outputs' to avoid re-running this script phase.\necho \"SUCCESS\" > \"${SCRIPT_OUTPUT_FILE_0}\"\n";
			showEnvVarsInLog = 0;
		};
		97F610FC50BC09BCCE69E5D4 /* [CP] Check Pods Manifest.lock */ = {
			isa = PBXShellScriptBuildPhase;
			buildActionMask = 2147483647;
			files = (
			);
			inputPaths = (
				"${PODS_PODFILE_DIR_PATH}/Podfile.lock",
				"${PODS_ROOT}/Manifest.lock",
			);
			name = "[CP] Check Pods Manifest.lock";
			outputPaths = (
				"$(DERIVED_FILE_DIR)/Pods-HMIclientUITests-checkManifestLockResult.txt",
			);
			runOnlyForDeploymentPostprocessing = 0;
			shellPath = /bin/sh;
			shellScript = "diff \"${PODS_PODFILE_DIR_PATH}/Podfile.lock\" \"${PODS_ROOT}/Manifest.lock\" > /dev/null\nif [ $? != 0 ] ; then\n    # print error to STDERR\n    echo \"error: The sandbox is not in sync with the Podfile.lock. Run 'pod install' or update your CocoaPods installation.\" >&2\n    exit 1\nfi\n# This output is used by Xcode 'outputs' to avoid re-running this script phase.\necho \"SUCCESS\" > \"${SCRIPT_OUTPUT_FILE_0}\"\n";
			showEnvVarsInLog = 0;
		};
/* End PBXShellScriptBuildPhase section */

/* Begin PBXSourcesBuildPhase section */
		EDFEF212210659900043524B /* Sources */ = {
			isa = PBXSourcesBuildPhase;
			buildActionMask = 2147483647;
			files = (
				EDAE2CDF2110D49E0076FB6B /* Deserializer.swift in Sources */,
				EDFEF222210659900043524B /* HMIclient.xcdatamodeld in Sources */,
				EDAE2CDD2110D49E0076FB6B /* Result.swift in Sources */,
				EDAE2CDC2110D49E0076FB6B /* RestController.swift in Sources */,
				EDAE2CDE2110D49E0076FB6B /* JSON.swift in Sources */,
				EDFEF21C210659900043524B /* ViewController.swift in Sources */,
				EDFEF21A210659900043524B /* AppDelegate.swift in Sources */,
			);
			runOnlyForDeploymentPostprocessing = 0;
		};
		EDFEF229210659920043524B /* Sources */ = {
			isa = PBXSourcesBuildPhase;
			buildActionMask = 2147483647;
			files = (
				EDFEF232210659920043524B /* HMIclientTests.swift in Sources */,
			);
			runOnlyForDeploymentPostprocessing = 0;
		};
		EDFEF234210659920043524B /* Sources */ = {
			isa = PBXSourcesBuildPhase;
			buildActionMask = 2147483647;
			files = (
				EDFEF23D210659920043524B /* HMIclientUITests.swift in Sources */,
			);
			runOnlyForDeploymentPostprocessing = 0;
		};
/* End PBXSourcesBuildPhase section */

/* Begin PBXTargetDependency section */
		EDFEF22F210659920043524B /* PBXTargetDependency */ = {
			isa = PBXTargetDependency;
			target = EDFEF215210659900043524B /* HMIclient */;
			targetProxy = EDFEF22E210659920043524B /* PBXContainerItemProxy */;
		};
		EDFEF23A210659920043524B /* PBXTargetDependency */ = {
			isa = PBXTargetDependency;
			target = EDFEF215210659900043524B /* HMIclient */;
			targetProxy = EDFEF239210659920043524B /* PBXContainerItemProxy */;
		};
/* End PBXTargetDependency section */

/* Begin PBXVariantGroup section */
		EDFEF21D210659900043524B /* Main.storyboard */ = {
			isa = PBXVariantGroup;
			children = (
				EDFEF21E210659900043524B /* Base */,
			);
			name = Main.storyboard;
			sourceTree = "<group>";
		};
		EDFEF225210659920043524B /* LaunchScreen.storyboard */ = {
			isa = PBXVariantGroup;
			children = (
				EDFEF226210659920043524B /* Base */,
			);
			name = LaunchScreen.storyboard;
			sourceTree = "<group>";
		};
/* End PBXVariantGroup section */

/* Begin XCBuildConfiguration section */
		EDFEF23F210659920043524B /* Debug */ = {
			isa = XCBuildConfiguration;
			buildSettings = {
				ALWAYS_SEARCH_USER_PATHS = NO;
				CLANG_ANALYZER_NONNULL = YES;
				CLANG_ANALYZER_NUMBER_OBJECT_CONVERSION = YES_AGGRESSIVE;
				CLANG_CXX_LANGUAGE_STANDARD = "gnu++14";
				CLANG_CXX_LIBRARY = "libc++";
				CLANG_ENABLE_MODULES = YES;
				CLANG_ENABLE_OBJC_ARC = YES;
				CLANG_ENABLE_OBJC_WEAK = YES;
				CLANG_WARN_BLOCK_CAPTURE_AUTORELEASING = YES;
				CLANG_WARN_BOOL_CONVERSION = YES;
				CLANG_WARN_COMMA = YES;
				CLANG_WARN_CONSTANT_CONVERSION = YES;
				CLANG_WARN_DEPRECATED_OBJC_IMPLEMENTATIONS = YES;
				CLANG_WARN_DIRECT_OBJC_ISA_USAGE = YES_ERROR;
				CLANG_WARN_DOCUMENTATION_COMMENTS = YES;
				CLANG_WARN_EMPTY_BODY = YES;
				CLANG_WARN_ENUM_CONVERSION = YES;
				CLANG_WARN_INFINITE_RECURSION = YES;
				CLANG_WARN_INT_CONVERSION = YES;
				CLANG_WARN_NON_LITERAL_NULL_CONVERSION = YES;
				CLANG_WARN_OBJC_IMPLICIT_RETAIN_SELF = YES;
				CLANG_WARN_OBJC_LITERAL_CONVERSION = YES;
				CLANG_WARN_OBJC_ROOT_CLASS = YES_ERROR;
				CLANG_WARN_RANGE_LOOP_ANALYSIS = YES;
				CLANG_WARN_STRICT_PROTOTYPES = YES;
				CLANG_WARN_SUSPICIOUS_MOVE = YES;
				CLANG_WARN_UNGUARDED_AVAILABILITY = YES_AGGRESSIVE;
				CLANG_WARN_UNREACHABLE_CODE = YES;
				CLANG_WARN__DUPLICATE_METHOD_MATCH = YES;
				CODE_SIGN_IDENTITY = "iPhone Developer";
				COPY_PHASE_STRIP = NO;
				DEBUG_INFORMATION_FORMAT = dwarf;
				ENABLE_STRICT_OBJC_MSGSEND = YES;
				ENABLE_TESTABILITY = YES;
				GCC_C_LANGUAGE_STANDARD = gnu11;
				GCC_DYNAMIC_NO_PIC = NO;
				GCC_NO_COMMON_BLOCKS = YES;
				GCC_OPTIMIZATION_LEVEL = 0;
				GCC_PREPROCESSOR_DEFINITIONS = (
					"DEBUG=1",
					"$(inherited)",
				);
				GCC_WARN_64_TO_32_BIT_CONVERSION = YES;
				GCC_WARN_ABOUT_RETURN_TYPE = YES_ERROR;
				GCC_WARN_UNDECLARED_SELECTOR = YES;
				GCC_WARN_UNINITIALIZED_AUTOS = YES_AGGRESSIVE;
				GCC_WARN_UNUSED_FUNCTION = YES;
				GCC_WARN_UNUSED_VARIABLE = YES;
				IPHONEOS_DEPLOYMENT_TARGET = 8.0;
				MTL_ENABLE_DEBUG_INFO = INCLUDE_SOURCE;
				MTL_FAST_MATH = YES;
				ONLY_ACTIVE_ARCH = YES;
				SDKROOT = iphoneos;
				SWIFT_ACTIVE_COMPILATION_CONDITIONS = DEBUG;
				SWIFT_OPTIMIZATION_LEVEL = "-Onone";
			};
			name = Debug;
		};
		EDFEF240210659920043524B /* Release */ = {
			isa = XCBuildConfiguration;
			buildSettings = {
				ALWAYS_SEARCH_USER_PATHS = NO;
				CLANG_ANALYZER_NONNULL = YES;
				CLANG_ANALYZER_NUMBER_OBJECT_CONVERSION = YES_AGGRESSIVE;
				CLANG_CXX_LANGUAGE_STANDARD = "gnu++14";
				CLANG_CXX_LIBRARY = "libc++";
				CLANG_ENABLE_MODULES = YES;
				CLANG_ENABLE_OBJC_ARC = YES;
				CLANG_ENABLE_OBJC_WEAK = YES;
				CLANG_WARN_BLOCK_CAPTURE_AUTORELEASING = YES;
				CLANG_WARN_BOOL_CONVERSION = YES;
				CLANG_WARN_COMMA = YES;
				CLANG_WARN_CONSTANT_CONVERSION = YES;
				CLANG_WARN_DEPRECATED_OBJC_IMPLEMENTATIONS = YES;
				CLANG_WARN_DIRECT_OBJC_ISA_USAGE = YES_ERROR;
				CLANG_WARN_DOCUMENTATION_COMMENTS = YES;
				CLANG_WARN_EMPTY_BODY = YES;
				CLANG_WARN_ENUM_CONVERSION = YES;
				CLANG_WARN_INFINITE_RECURSION = YES;
				CLANG_WARN_INT_CONVERSION = YES;
				CLANG_WARN_NON_LITERAL_NULL_CONVERSION = YES;
				CLANG_WARN_OBJC_IMPLICIT_RETAIN_SELF = YES;
				CLANG_WARN_OBJC_LITERAL_CONVERSION = YES;
				CLANG_WARN_OBJC_ROOT_CLASS = YES_ERROR;
				CLANG_WARN_RANGE_LOOP_ANALYSIS = YES;
				CLANG_WARN_STRICT_PROTOTYPES = YES;
				CLANG_WARN_SUSPICIOUS_MOVE = YES;
				CLANG_WARN_UNGUARDED_AVAILABILITY = YES_AGGRESSIVE;
				CLANG_WARN_UNREACHABLE_CODE = YES;
				CLANG_WARN__DUPLICATE_METHOD_MATCH = YES;
				CODE_SIGN_IDENTITY = "iPhone Developer";
				COPY_PHASE_STRIP = NO;
				DEBUG_INFORMATION_FORMAT = "dwarf-with-dsym";
				ENABLE_NS_ASSERTIONS = NO;
				ENABLE_STRICT_OBJC_MSGSEND = YES;
				GCC_C_LANGUAGE_STANDARD = gnu11;
				GCC_NO_COMMON_BLOCKS = YES;
				GCC_WARN_64_TO_32_BIT_CONVERSION = YES;
				GCC_WARN_ABOUT_RETURN_TYPE = YES_ERROR;
				GCC_WARN_UNDECLARED_SELECTOR = YES;
				GCC_WARN_UNINITIALIZED_AUTOS = YES_AGGRESSIVE;
				GCC_WARN_UNUSED_FUNCTION = YES;
				GCC_WARN_UNUSED_VARIABLE = YES;
				IPHONEOS_DEPLOYMENT_TARGET = 8.0;
				MTL_ENABLE_DEBUG_INFO = NO;
				MTL_FAST_MATH = YES;
				ONLY_ACTIVE_ARCH = YES;
				SDKROOT = iphoneos;
				SWIFT_COMPILATION_MODE = wholemodule;
				SWIFT_OPTIMIZATION_LEVEL = "-O";
				VALIDATE_PRODUCT = YES;
			};
			name = Release;
		};
		EDFEF242210659920043524B /* Debug */ = {
			isa = XCBuildConfiguration;
			buildSettings = {
				ASSETCATALOG_COMPILER_APPICON_NAME = AppIcon;
				CODE_SIGN_STYLE = Automatic;
				DEVELOPMENT_TEAM = Y4JXT6R2QF;
				INFOPLIST_FILE = HMIclient/Info.plist;
				IPHONEOS_DEPLOYMENT_TARGET = 10.0;
				LD_RUNPATH_SEARCH_PATHS = (
					"$(inherited)",
					"@executable_path/Frameworks",
				);
				ONLY_ACTIVE_ARCH = YES;
				"PODS_CONFIGURATION_BUILD_DIR[arch=*]" = "${PODS_BUILD_DIR}/$(CONFIGURATION)$(EFFECTIVE_PLATFORM_NAME)";
				PRODUCT_BUNDLE_IDENTIFIER = dev.HMIclient;
				PRODUCT_NAME = "$(TARGET_NAME)";
				SWIFT_VERSION = 4.2;
				TARGETED_DEVICE_FAMILY = "1,2";
			};
			name = Debug;
		};
		EDFEF243210659920043524B /* Release */ = {
			isa = XCBuildConfiguration;
			buildSettings = {
				ASSETCATALOG_COMPILER_APPICON_NAME = AppIcon;
				CODE_SIGN_STYLE = Automatic;
				DEVELOPMENT_TEAM = Y4JXT6R2QF;
				INFOPLIST_FILE = HMIclient/Info.plist;
				IPHONEOS_DEPLOYMENT_TARGET = 10.0;
				LD_RUNPATH_SEARCH_PATHS = (
					"$(inherited)",
					"@executable_path/Frameworks",
				);
				ONLY_ACTIVE_ARCH = YES;
				PRODUCT_BUNDLE_IDENTIFIER = dev.HMIclient;
				PRODUCT_NAME = "$(TARGET_NAME)";
				SWIFT_VERSION = 4.2;
				TARGETED_DEVICE_FAMILY = "1,2";
			};
			name = Release;
		};
		EDFEF245210659920043524B /* Debug */ = {
			isa = XCBuildConfiguration;
			buildSettings = {
				ALWAYS_EMBED_SWIFT_STANDARD_LIBRARIES = YES;
				BUNDLE_LOADER = "$(TEST_HOST)";
				CODE_SIGN_STYLE = Automatic;
				INFOPLIST_FILE = HMIclientTests/Info.plist;
				LD_RUNPATH_SEARCH_PATHS = (
					"$(inherited)",
					"@executable_path/Frameworks",
					"@loader_path/Frameworks",
				);
				PRODUCT_BUNDLE_IDENTIFIER = dev.HMIclientTests;
				PRODUCT_NAME = "$(TARGET_NAME)";
				SWIFT_VERSION = 4.2;
				TARGETED_DEVICE_FAMILY = "1,2";
				TEST_HOST = "$(BUILT_PRODUCTS_DIR)/HMIclient.app/HMIclient";
			};
			name = Debug;
		};
		EDFEF246210659920043524B /* Release */ = {
			isa = XCBuildConfiguration;
			buildSettings = {
				ALWAYS_EMBED_SWIFT_STANDARD_LIBRARIES = YES;
				BUNDLE_LOADER = "$(TEST_HOST)";
				CODE_SIGN_STYLE = Automatic;
				INFOPLIST_FILE = HMIclientTests/Info.plist;
				LD_RUNPATH_SEARCH_PATHS = (
					"$(inherited)",
					"@executable_path/Frameworks",
					"@loader_path/Frameworks",
				);
				PRODUCT_BUNDLE_IDENTIFIER = dev.HMIclientTests;
				PRODUCT_NAME = "$(TARGET_NAME)";
				SWIFT_VERSION = 4.2;
				TARGETED_DEVICE_FAMILY = "1,2";
				TEST_HOST = "$(BUILT_PRODUCTS_DIR)/HMIclient.app/HMIclient";
			};
			name = Release;
		};
		EDFEF248210659920043524B /* Debug */ = {
			isa = XCBuildConfiguration;
			buildSettings = {
				ALWAYS_EMBED_SWIFT_STANDARD_LIBRARIES = YES;
				CODE_SIGN_STYLE = Automatic;
				INFOPLIST_FILE = HMIclientUITests/Info.plist;
				LD_RUNPATH_SEARCH_PATHS = (
					"$(inherited)",
					"@executable_path/Frameworks",
					"@loader_path/Frameworks",
				);
				PRODUCT_BUNDLE_IDENTIFIER = dev.HMIclientUITests;
				PRODUCT_NAME = "$(TARGET_NAME)";
				SWIFT_VERSION = 4.2;
				TARGETED_DEVICE_FAMILY = "1,2";
				TEST_TARGET_NAME = HMIclient;
			};
			name = Debug;
		};
		EDFEF249210659920043524B /* Release */ = {
			isa = XCBuildConfiguration;
			buildSettings = {
				ALWAYS_EMBED_SWIFT_STANDARD_LIBRARIES = YES;
				CODE_SIGN_STYLE = Automatic;
				INFOPLIST_FILE = HMIclientUITests/Info.plist;
				LD_RUNPATH_SEARCH_PATHS = (
					"$(inherited)",
					"@executable_path/Frameworks",
					"@loader_path/Frameworks",
				);
				PRODUCT_BUNDLE_IDENTIFIER = dev.HMIclientUITests;
				PRODUCT_NAME = "$(TARGET_NAME)";
				SWIFT_VERSION = 4.2;
				TARGETED_DEVICE_FAMILY = "1,2";
				TEST_TARGET_NAME = HMIclient;
			};
			name = Release;
		};
/* End XCBuildConfiguration section */

/* Begin XCConfigurationList section */
		EDFEF211210659900043524B /* Build configuration list for PBXProject "HMIclient" */ = {
			isa = XCConfigurationList;
			buildConfigurations = (
				EDFEF23F210659920043524B /* Debug */,
				EDFEF240210659920043524B /* Release */,
			);
			defaultConfigurationIsVisible = 0;
			defaultConfigurationName = Release;
		};
		EDFEF241210659920043524B /* Build configuration list for PBXNativeTarget "HMIclient" */ = {
			isa = XCConfigurationList;
			buildConfigurations = (
				EDFEF242210659920043524B /* Debug */,
				EDFEF243210659920043524B /* Release */,
			);
			defaultConfigurationIsVisible = 0;
			defaultConfigurationName = Release;
		};
		EDFEF244210659920043524B /* Build configuration list for PBXNativeTarget "HMIclientTests" */ = {
			isa = XCConfigurationList;
			buildConfigurations = (
				EDFEF245210659920043524B /* Debug */,
				EDFEF246210659920043524B /* Release */,
			);
			defaultConfigurationIsVisible = 0;
			defaultConfigurationName = Release;
		};
		EDFEF247210659920043524B /* Build configuration list for PBXNativeTarget "HMIclientUITests" */ = {
			isa = XCConfigurationList;
			buildConfigurations = (
				EDFEF248210659920043524B /* Debug */,
				EDFEF249210659920043524B /* Release */,
			);
			defaultConfigurationIsVisible = 0;
			defaultConfigurationName = Release;
		};
/* End XCConfigurationList section */

/* Begin XCVersionGroup section */
		EDFEF220210659900043524B /* HMIclient.xcdatamodeld */ = {
			isa = XCVersionGroup;
			children = (
				EDFEF221210659900043524B /* HMIclient.xcdatamodel */,
			);
			currentVersion = EDFEF221210659900043524B /* HMIclient.xcdatamodel */;
			path = HMIclient.xcdatamodeld;
			sourceTree = "<group>";
			versionGroupType = wrapper.xcdatamodel;
		};
/* End XCVersionGroup section */
	};
	rootObject = EDFEF20E210659900043524B /* Project object */;
}
